[[package]]
name = "amqp"
version = "5.2.0"
requires_python = ">=3.6"
summary = "Low-level AMQP client for Python (fork of amqplib)."
dependencies = [
    "vine<6.0.0,>=5.0.0",
]

[[package]]
name = "annotated-types"
version = "0.6.0"
requires_python = ">=3.8"
summary = "Reusable constraint types to use with typing.Annotated"

[[package]]
name = "asgiref"
version = "3.7.2"
requires_python = ">=3.7"
summary = "ASGI specs, helper code, and adapters"

[[package]]
name = "async-timeout"
version = "4.0.3"
requires_python = ">=3.7"
summary = "Timeout context manager for asyncio programs"

[[package]]
name = "billiard"
version = "4.2.0"
requires_python = ">=3.7"
summary = "Python multiprocessing fork with improvements and bugfixes"

[[package]]
name = "celery"
version = "5.3.6"
requires_python = ">=3.8"
summary = "Distributed Task Queue."
dependencies = [
    "billiard<5.0,>=4.2.0",
    "click-didyoumean>=0.3.0",
    "click-plugins>=1.1.1",
    "click-repl>=0.2.0",
    "click<9.0,>=8.1.2",
    "kombu<6.0,>=5.3.4",
    "python-dateutil>=2.8.2",
    "tzdata>=2022.7",
    "vine<6.0,>=5.1.0",
]

[[package]]
name = "celery"
version = "5.3.6"
extras = ["redis"]
requires_python = ">=3.8"
summary = "Distributed Task Queue."
dependencies = [
    "celery==5.3.6",
    "redis!=4.5.5,<6.0.0,>=4.5.2",
]

[[package]]
name = "cfgv"
version = "3.4.0"
requires_python = ">=3.8"
summary = "Validate configuration and produce human readable error messages."

[[package]]
name = "click"
version = "8.1.7"
requires_python = ">=3.7"
summary = "Composable command line interface toolkit"
dependencies = [
    "colorama; platform_system == \"Windows\"",
]

[[package]]
name = "click-didyoumean"
version = "0.3.0"
requires_python = ">=3.6.2,<4.0.0"
summary = "Enables git-like *did-you-mean* feature in click"
dependencies = [
    "click>=7",
]

[[package]]
name = "click-plugins"
version = "1.1.1"
summary = "An extension module for click to enable registering CLI commands via setuptools entry-points."
dependencies = [
    "click>=4.0",
]

[[package]]
name = "click-repl"
version = "0.3.0"
requires_python = ">=3.6"
summary = "REPL plugin for Click"
dependencies = [
    "click>=7.0",
    "prompt-toolkit>=3.0.36",
]

[[package]]
name = "colorama"
version = "0.4.6"
requires_python = "!=3.0.*,!=3.1.*,!=3.2.*,!=3.3.*,!=3.4.*,!=3.5.*,!=3.6.*,>=2.7"
summary = "Cross-platform colored terminal text."

[[package]]
name = "cron-descriptor"
version = "1.4.3"
summary = "A Python library that converts cron expressions into human readable strings."

[[package]]
name = "distlib"
version = "0.3.8"
summary = "Distribution utilities"

[[package]]
name = "django"
version = "5.0.3"
requires_python = ">=3.10"
summary = "A high-level Python web framework that encourages rapid development and clean, pragmatic design."
dependencies = [
    "asgiref<4,>=3.7.0",
    "sqlparse>=0.3.1",
    "tzdata; sys_platform == \"win32\"",
]

[[package]]
name = "django-celery-beat"
version = "2.6.0"
summary = "Database-backed Periodic Tasks."
dependencies = [
    "Django<5.1,>=2.2",
    "celery<6.0,>=5.2.3",
    "cron-descriptor>=1.2.32",
    "django-timezone-field>=5.0",
    "python-crontab>=2.3.4",
    "tzdata",
]

[[package]]
name = "django-debug-toolbar"
version = "4.3.0"
requires_python = ">=3.8"
summary = "A configurable set of panels that display various debug information about the current request/response."
dependencies = [
    "django>=3.2.4",
    "sqlparse>=0.2",
]

[[package]]
name = "django-timezone-field"
version = "6.1.0"
requires_python = ">=3.8,<4.0"
summary = "A Django app providing DB, form, and REST framework fields for zoneinfo and pytz timezone objects."
dependencies = [
    "Django<6.0,>=3.2",
]

[[package]]
name = "filelock"
version = "3.13.1"
requires_python = ">=3.8"
summary = "A platform independent file lock."

[[package]]
name = "identify"
version = "2.5.35"
requires_python = ">=3.8"
summary = "File identification library for Python"

[[package]]
name = "kombu"
version = "5.3.5"
requires_python = ">=3.8"
summary = "Messaging library for Python."
dependencies = [
    "amqp<6.0.0,>=5.1.1",
    "vine",
]

[[package]]
name = "loguru"
version = "0.7.2"
requires_python = ">=3.5"
summary = "Python logging made (stupidly) simple"
dependencies = [
    "colorama>=0.3.4; sys_platform == \"win32\"",
    "win32-setctime>=1.0.0; sys_platform == \"win32\"",
]

[[package]]
name = "nodeenv"
version = "1.8.0"
requires_python = ">=2.7,!=3.0.*,!=3.1.*,!=3.2.*,!=3.3.*,!=3.4.*,!=3.5.*,!=3.6.*"
summary = "Node.js virtual environment builder"
dependencies = [
    "setuptools",
]

[[package]]
name = "platformdirs"
version = "4.2.0"
requires_python = ">=3.8"
summary = "A small Python package for determining appropriate platform-specific dirs, e.g. a \"user data dir\"."

[[package]]
name = "pre-commit"
version = "3.6.2"
requires_python = ">=3.9"
summary = "A framework for managing and maintaining multi-language pre-commit hooks."
dependencies = [
    "cfgv>=2.0.0",
    "identify>=1.0.0",
    "nodeenv>=0.11.1",
    "pyyaml>=5.1",
    "virtualenv>=20.10.0",
]

[[package]]
name = "prompt-toolkit"
version = "3.0.43"
requires_python = ">=3.7.0"
summary = "Library for building powerful interactive command lines in Python"
dependencies = [
    "wcwidth",
]

[[package]]
name = "psycopg2"
version = "2.9.9"
requires_python = ">=3.7"
summary = "psycopg2 - Python-PostgreSQL Database Adapter"

[[package]]
name = "pydantic"
version = "2.6.4"
requires_python = ">=3.8"
summary = "Data validation using Python type hints"
dependencies = [
    "annotated-types>=0.4.0",
    "pydantic-core==2.16.3",
    "typing-extensions>=4.6.1",
]

[[package]]
name = "pydantic-core"
version = "2.16.3"
requires_python = ">=3.8"
summary = ""
dependencies = [
    "typing-extensions!=4.7.0,>=4.6.0",
]

[[package]]
name = "pydantic-settings"
version = "2.2.1"
requires_python = ">=3.8"
summary = "Settings management using Pydantic"
dependencies = [
    "pydantic>=2.3.0",
    "python-dotenv>=0.21.0",
]

[[package]]
name = "python-crontab"
version = "3.0.0"
summary = "Python Crontab API"
dependencies = [
    "python-dateutil",
]

[[package]]
name = "python-dateutil"
version = "2.9.0.post0"
requires_python = "!=3.0.*,!=3.1.*,!=3.2.*,>=2.7"
summary = "Extensions to the standard Python datetime module"
dependencies = [
    "six>=1.5",
]

[[package]]
name = "python-dotenv"
version = "1.0.1"
requires_python = ">=3.8"
summary = "Read key-value pairs from a .env file and set them as environment variables"

[[package]]
name = "pyyaml"
version = "6.0.1"
requires_python = ">=3.6"
summary = "YAML parser and emitter for Python"

[[package]]
name = "redis"
version = "5.0.3"
requires_python = ">=3.7"
summary = "Python client for Redis database and key-value store"
dependencies = [
    "async-timeout>=4.0.3; python_full_version < \"3.11.3\"",
]

[[package]]
name = "ruff"
version = "0.3.3"
requires_python = ">=3.7"
summary = "An extremely fast Python linter and code formatter, written in Rust."

[[package]]
name = "setuptools"
version = "69.2.0"
requires_python = ">=3.8"
summary = "Easily download, build, install, upgrade, and uninstall Python packages"

[[package]]
name = "six"
version = "1.16.0"
requires_python = ">=2.7, !=3.0.*, !=3.1.*, !=3.2.*"
summary = "Python 2 and 3 compatibility utilities"

[[package]]
name = "sqlparse"
version = "0.4.4"
requires_python = ">=3.5"
summary = "A non-validating SQL parser."

[[package]]
name = "typing-extensions"
version = "4.10.0"
requires_python = ">=3.8"
summary = "Backported and Experimental Type Hints for Python 3.8+"

[[package]]
name = "tzdata"
version = "2024.1"
requires_python = ">=2"
summary = "Provider of IANA time zone data"

[[package]]
name = "vine"
version = "5.1.0"
requires_python = ">=3.6"
summary = "Python promises."

[[package]]
name = "virtualenv"
version = "20.25.1"
requires_python = ">=3.7"
summary = "Virtual Python Environment builder"
dependencies = [
    "distlib<1,>=0.3.7",
    "filelock<4,>=3.12.2",
    "platformdirs<5,>=3.9.1",
]

[[package]]
name = "wcwidth"
version = "0.2.13"
summary = "Measures the displayed width of unicode strings in a terminal"

[[package]]
name = "win32-setctime"
version = "1.1.0"
requires_python = ">=3.5"
summary = "A small Python utility to set file creation time on Windows"

[metadata]
lock_version = "4.0"
content_hash = "sha256:a1706d01c7259d3936ee0cfbbec195b560daf769d1d1ec5040700fd5ffe0f5a5"

[metadata.files]
